// !$*UTF8*$!
{
	archiveVersion = 1;
	classes = {
	};
	objectVersion = 50;
	objects = {

/* Begin PBXBuildFile section */
		EFC0F12725A75E8B0027A2F6 /* UserCardApp.swift in Sources */ = {isa = PBXBuildFile; fileRef = EFC0F12625A75E8B0027A2F6 /* UserCardApp.swift */; };
		EFC0F12925A75E8B0027A2F6 /* ContentView.swift in Sources */ = {isa = PBXBuildFile; fileRef = EFC0F12825A75E8B0027A2F6 /* ContentView.swift */; };
		EFC0F12B25A75E8D0027A2F6 /* Assets.xcassets in Resources */ = {isa = PBXBuildFile; fileRef = EFC0F12A25A75E8D0027A2F6 /* Assets.xcassets */; };
		EFC0F12E25A75E8D0027A2F6 /* Preview Assets.xcassets in Resources */ = {isa = PBXBuildFile; fileRef = EFC0F12D25A75E8D0027A2F6 /* Preview Assets.xcassets */; };
		EFC0F13925A75E8D0027A2F6 /* UserCardTests.swift in Sources */ = {isa = PBXBuildFile; fileRef = EFC0F13825A75E8D0027A2F6 /* UserCardTests.swift */; };
		EFC0F14425A75E8D0027A2F6 /* UserCardUITests.swift in Sources */ = {isa = PBXBuildFile; fileRef = EFC0F14325A75E8D0027A2F6 /* UserCardUITests.swift */; };
		EFC0F15625A762960027A2F6 /* Pacifico-Regular.ttf in Resources */ = {isa = PBXBuildFile; fileRef = EFC0F15525A762960027A2F6 /* Pacifico-Regular.ttf */; };
		EFC0F15B25A765340027A2F6 /* LaunchScreen.storyboard in Resources */ = {isa = PBXBuildFile; fileRef = EFC0F15A25A765340027A2F6 /* LaunchScreen.storyboard */; };
		EFC0F16325A76CE00027A2F6 /* InfoView.swift in Sources */ = {isa = PBXBuildFile; fileRef = EFC0F16225A76CE00027A2F6 /* InfoView.swift */; };
/* End PBXBuildFile section */

/* Begin PBXContainerItemProxy section */
		EFC0F13525A75E8D0027A2F6 /* PBXContainerItemProxy */ = {
			isa = PBXContainerItemProxy;
			containerPortal = EFC0F11B25A75E8B0027A2F6 /* Project object */;
			proxyType = 1;
			remoteGlobalIDString = EFC0F12225A75E8B0027A2F6;
			remoteInfo = UserCard;
		};
		EFC0F14025A75E8D0027A2F6 /* PBXContainerItemProxy */ = {
			isa = PBXContainerItemProxy;
			containerPortal = EFC0F11B25A75E8B0027A2F6 /* Project object */;
			proxyType = 1;
			remoteGlobalIDString = EFC0F12225A75E8B0027A2F6;
			remoteInfo = UserCard;
		};
/* End PBXContainerItemProxy section */

/* Begin PBXFileReference section */
		EFC0F12325A75E8B0027A2F6 /* UserCard.app */ = {isa = PBXFileReference; explicitFileType = wrapper.application; includeInIndex = 0; path = UserCard.app; sourceTree = BUILT_PRODUCTS_DIR; };
		EFC0F12625A75E8B0027A2F6 /* UserCardApp.swift */ = {isa = PBXFileReference; lastKnownFileType = sourcecode.swift; path = UserCardApp.swift; sourceTree = "<group>"; };
		EFC0F12825A75E8B0027A2F6 /* ContentView.swift */ = {isa = PBXFileReference; lastKnownFileType = sourcecode.swift; path = ContentView.swift; sourceTree = "<group>"; };
		EFC0F12A25A75E8D0027A2F6 /* Assets.xcassets */ = {isa = PBXFileReference; lastKnownFileType = folder.assetcatalog; path = Assets.xcassets; sourceTree = "<group>"; };
		EFC0F12D25A75E8D0027A2F6 /* Preview Assets.xcassets */ = {isa = PBXFileReference; lastKnownFileType = folder.assetcatalog; path = "Preview Assets.xcassets"; sourceTree = "<group>"; };
		EFC0F12F25A75E8D0027A2F6 /* Info.plist */ = {isa = PBXFileReference; lastKnownFileType = text.plist.xml; path = Info.plist; sourceTree = "<group>"; };
		EFC0F13425A75E8D0027A2F6 /* UserCardTests.xctest */ = {isa = PBXFileReference; explicitFileType = wrapper.cfbundle; includeInIndex = 0; path = UserCardTests.xctest; sourceTree = BUILT_PRODUCTS_DIR; };
		EFC0F13825A75E8D0027A2F6 /* UserCardTests.swift */ = {isa = PBXFileReference; lastKnownFileType = sourcecode.swift; path = UserCardTests.swift; sourceTree = "<group>"; };
		EFC0F13A25A75E8D0027A2F6 /* Info.plist */ = {isa = PBXFileReference; lastKnownFileType = text.plist.xml; path = Info.plist; sourceTree = "<group>"; };
		EFC0F13F25A75E8D0027A2F6 /* UserCardUITests.xctest */ = {isa = PBXFileReference; explicitFileType = wrapper.cfbundle; includeInIndex = 0; path = UserCardUITests.xctest; sourceTree = BUILT_PRODUCTS_DIR; };
		EFC0F14325A75E8D0027A2F6 /* UserCardUITests.swift */ = {isa = PBXFileReference; lastKnownFileType = sourcecode.swift; path = UserCardUITests.swift; sourceTree = "<group>"; };
		EFC0F14525A75E8D0027A2F6 /* Info.plist */ = {isa = PBXFileReference; lastKnownFileType = text.plist.xml; path = Info.plist; sourceTree = "<group>"; };
		EFC0F15525A762960027A2F6 /* Pacifico-Regular.ttf */ = {isa = PBXFileReference; lastKnownFileType = file; path = "Pacifico-Regular.ttf"; sourceTree = "<group>"; };
		EFC0F15A25A765340027A2F6 /* LaunchScreen.storyboard */ = {isa = PBXFileReference; lastKnownFileType = file.storyboard; path = LaunchScreen.storyboard; sourceTree = "<group>"; };
		EFC0F16225A76CE00027A2F6 /* InfoView.swift */ = {isa = PBXFileReference; lastKnownFileType = sourcecode.swift; path = InfoView.swift; sourceTree = "<group>"; };
/* End PBXFileReference section */

/* Begin PBXFrameworksBuildPhase section */
		EFC0F12025A75E8B0027A2F6 /* Frameworks */ = {
			isa = PBXFrameworksBuildPhase;
			buildActionMask = 2147483647;
			files = (
			);
			runOnlyForDeploymentPostprocessing = 0;
		};
		EFC0F13125A75E8D0027A2F6 /* Frameworks */ = {
			isa = PBXFrameworksBuildPhase;
			buildActionMask = 2147483647;
			files = (
			);
			runOnlyForDeploymentPostprocessing = 0;
		};
		EFC0F13C25A75E8D0027A2F6 /* Frameworks */ = {
			isa = PBXFrameworksBuildPhase;
			buildActionMask = 2147483647;
			files = (
			);
			runOnlyForDeploymentPostprocessing = 0;
		};
/* End PBXFrameworksBuildPhase section */

/* Begin PBXGroup section */
		EFC0F11A25A75E8B0027A2F6 = {
			isa = PBXGroup;
			children = (
				EFC0F12525A75E8B0027A2F6 /* UserCard */,
				EFC0F13725A75E8D0027A2F6 /* UserCardTests */,
				EFC0F14225A75E8D0027A2F6 /* UserCardUITests */,
				EFC0F12425A75E8B0027A2F6 /* Products */,
			);
			sourceTree = "<group>";
		};
		EFC0F12425A75E8B0027A2F6 /* Products */ = {
			isa = PBXGroup;
			children = (
				EFC0F12325A75E8B0027A2F6 /* UserCard.app */,
				EFC0F13425A75E8D0027A2F6 /* UserCardTests.xctest */,
				EFC0F13F25A75E8D0027A2F6 /* UserCardUITests.xctest */,
			);
			name = Products;
			sourceTree = "<group>";
		};
		EFC0F12525A75E8B0027A2F6 /* UserCard */ = {
			isa = PBXGroup;
			children = (
				EFC0F15425A762790027A2F6 /* Fonts */,
				EFC0F12625A75E8B0027A2F6 /* UserCardApp.swift */,
				EFC0F12825A75E8B0027A2F6 /* ContentView.swift */,
				EFC0F12A25A75E8D0027A2F6 /* Assets.xcassets */,
				EFC0F12F25A75E8D0027A2F6 /* Info.plist */,
				EFC0F12C25A75E8D0027A2F6 /* Preview Content */,
				EFC0F15A25A765340027A2F6 /* LaunchScreen.storyboard */,
				EFC0F16225A76CE00027A2F6 /* InfoView.swift */,
			);
			path = UserCard;
			sourceTree = "<group>";
		};
		EFC0F12C25A75E8D0027A2F6 /* Preview Content */ = {
			isa = PBXGroup;
			children = (
				EFC0F12D25A75E8D0027A2F6 /* Preview Assets.xcassets */,
			);
			path = "Preview Content";
			sourceTree = "<group>";
		};
		EFC0F13725A75E8D0027A2F6 /* UserCardTests */ = {
			isa = PBXGroup;
			children = (
				EFC0F13825A75E8D0027A2F6 /* UserCardTests.swift */,
				EFC0F13A25A75E8D0027A2F6 /* Info.plist */,
			);
			path = UserCardTests;
			sourceTree = "<group>";
		};
		EFC0F14225A75E8D0027A2F6 /* UserCardUITests */ = {
			isa = PBXGroup;
			children = (
				EFC0F14325A75E8D0027A2F6 /* UserCardUITests.swift */,
				EFC0F14525A75E8D0027A2F6 /* Info.plist */,
			);
			path = UserCardUITests;
			sourceTree = "<group>";
		};
		EFC0F15425A762790027A2F6 /* Fonts */ = {
			isa = PBXGroup;
			children = (
				EFC0F15525A762960027A2F6 /* Pacifico-Regular.ttf */,
			);
			path = Fonts;
			sourceTree = "<group>";
		};
/* End PBXGroup section */

/* Begin PBXNativeTarget section */
		EFC0F12225A75E8B0027A2F6 /* UserCard */ = {
			isa = PBXNativeTarget;
			buildConfigurationList = EFC0F14825A75E8D0027A2F6 /* Build configuration list for PBXNativeTarget "UserCard" */;
			buildPhases = (
				EFC0F11F25A75E8B0027A2F6 /* Sources */,
				EFC0F12025A75E8B0027A2F6 /* Frameworks */,
				EFC0F12125A75E8B0027A2F6 /* Resources */,
			);
			buildRules = (
			);
			dependencies = (
			);
			name = UserCard;
			productName = UserCard;
			productReference = EFC0F12325A75E8B0027A2F6 /* UserCard.app */;
			productType = "com.apple.product-type.application";
		};
		EFC0F13325A75E8D0027A2F6 /* UserCardTests */ = {
			isa = PBXNativeTarget;
			buildConfigurationList = EFC0F14B25A75E8D0027A2F6 /* Build configuration list for PBXNativeTarget "UserCardTests" */;
			buildPhases = (
				EFC0F13025A75E8D0027A2F6 /* Sources */,
				EFC0F13125A75E8D0027A2F6 /* Frameworks */,
				EFC0F13225A75E8D0027A2F6 /* Resources */,
			);
			buildRules = (
			);
			dependencies = (
				EFC0F13625A75E8D0027A2F6 /* PBXTargetDependency */,
			);
			name = UserCardTests;
			productName = UserCardTests;
			productReference = EFC0F13425A75E8D0027A2F6 /* UserCardTests.xctest */;
			productType = "com.apple.product-type.bundle.unit-test";
		};
		EFC0F13E25A75E8D0027A2F6 /* UserCardUITests */ = {
			isa = PBXNativeTarget;
			buildConfigurationList = EFC0F14E25A75E8D0027A2F6 /* Build configuration list for PBXNativeTarget "UserCardUITests" */;
			buildPhases = (
				EFC0F13B25A75E8D0027A2F6 /* Sources */,
				EFC0F13C25A75E8D0027A2F6 /* Frameworks */,
				EFC0F13D25A75E8D0027A2F6 /* Resources */,
			);
			buildRules = (
			);
			dependencies = (
				EFC0F14125A75E8D0027A2F6 /* PBXTargetDependency */,
			);
			name = UserCardUITests;
			productName = UserCardUITests;
			productReference = EFC0F13F25A75E8D0027A2F6 /* UserCardUITests.xctest */;
			productType = "com.apple.product-type.bundle.ui-testing";
		};
/* End PBXNativeTarget section */

/* Begin PBXProject section */
		EFC0F11B25A75E8B0027A2F6 /* Project object */ = {
			isa = PBXProject;
			attributes = {
				LastSwiftUpdateCheck = 1230;
				LastUpgradeCheck = 1230;
				TargetAttributes = {
					EFC0F12225A75E8B0027A2F6 = {
						CreatedOnToolsVersion = 12.3;
					};
					EFC0F13325A75E8D0027A2F6 = {
						CreatedOnToolsVersion = 12.3;
						TestTargetID = EFC0F12225A75E8B0027A2F6;
					};
					EFC0F13E25A75E8D0027A2F6 = {
						CreatedOnToolsVersion = 12.3;
						TestTargetID = EFC0F12225A75E8B0027A2F6;
					};
				};
			};
			buildConfigurationList = EFC0F11E25A75E8B0027A2F6 /* Build configuration list for PBXProject "UserCard" */;
			compatibilityVersion = "Xcode 9.3";
			developmentRegion = en;
			hasScannedForEncodings = 0;
			knownRegions = (
				en,
				Base,
			);
			mainGroup = EFC0F11A25A75E8B0027A2F6;
			productRefGroup = EFC0F12425A75E8B0027A2F6 /* Products */;
			projectDirPath = "";
			projectRoot = "";
			targets = (
				EFC0F12225A75E8B0027A2F6 /* UserCard */,
				EFC0F13325A75E8D0027A2F6 /* UserCardTests */,
				EFC0F13E25A75E8D0027A2F6 /* UserCardUITests */,
			);
		};
/* End PBXProject section */

/* Begin PBXResourcesBuildPhase section */
		EFC0F12125A75E8B0027A2F6 /* Resources */ = {
			isa = PBXResourcesBuildPhase;
			buildActionMask = 2147483647;
			files = (
				EFC0F15625A762960027A2F6 /* Pacifico-Regular.ttf in Resources */,
				EFC0F12E25A75E8D0027A2F6 /* Preview Assets.xcassets in Resources */,
				EFC0F15B25A765340027A2F6 /* LaunchScreen.storyboard in Resources */,
				EFC0F12B25A75E8D0027A2F6 /* Assets.xcassets in Resources */,
			);
			runOnlyForDeploymentPostprocessing = 0;
		};
		EFC0F13225A75E8D0027A2F6 /* Resources */ = {
			isa = PBXResourcesBuildPhase;
			buildActionMask = 2147483647;
			files = (
			);
			runOnlyForDeploymentPostprocessing = 0;
		};
		EFC0F13D25A75E8D0027A2F6 /* Resources */ = {
			isa = PBXResourcesBuildPhase;
			buildActionMask = 2147483647;
			files = (
			);
			runOnlyForDeploymentPostprocessing = 0;
		};
/* End PBXResourcesBuildPhase section */

/* Begin PBXSourcesBuildPhase section */
		EFC0F11F25A75E8B0027A2F6 /* Sources */ = {
			isa = PBXSourcesBuildPhase;
			buildActionMask = 2147483647;
			files = (
				EFC0F12925A75E8B0027A2F6 /* ContentView.swift in Sources */,
				EFC0F16325A76CE00027A2F6 /* InfoView.swift in Sources */,
				EFC0F12725A75E8B0027A2F6 /* UserCardApp.swift in Sources */,
			);
			runOnlyForDeploymentPostprocessing = 0;
		};
		EFC0F13025A75E8D0027A2F6 /* Sources */ = {
			isa = PBXSourcesBuildPhase;
			buildActionMask = 2147483647;
			files = (
				EFC0F13925A75E8D0027A2F6 /* UserCardTests.swift in Sources */,
			);
			runOnlyForDeploymentPostprocessing = 0;
		};
		EFC0F13B25A75E8D0027A2F6 /* Sources */ = {
			isa = PBXSourcesBuildPhase;
			buildActionMask = 2147483647;
			files = (
				EFC0F14425A75E8D0027A2F6 /* UserCardUITests.swift in Sources */,
			);
			runOnlyForDeploymentPostprocessing = 0;
		};
/* End PBXSourcesBuildPhase section */

/* Begin PBXTargetDependency section */
		EFC0F13625A75E8D0027A2F6 /* PBXTargetDependency */ = {
			isa = PBXTargetDependency;
			target = EFC0F12225A75E8B0027A2F6 /* UserCard */;
			targetProxy = EFC0F13525A75E8D0027A2F6 /* PBXContainerItemProxy */;
		};
		EFC0F14125A75E8D0027A2F6 /* PBXTargetDependency */ = {
			isa = PBXTargetDependency;
			target = EFC0F12225A75E8B0027A2F6 /* UserCard */;
			targetProxy = EFC0F14025A75E8D0027A2F6 /* PBXContainerItemProxy */;
		};
/* End PBXTargetDependency section */

/* Begin XCBuildConfiguration section */
		EFC0F14625A75E8D0027A2F6 /* Debug */ = {
			isa = XCBuildConfiguration;
			buildSettings = {
				ALWAYS_SEARCH_USER_PATHS = NO;
				CLANG_ANALYZER_NONNULL = YES;
				CLANG_ANALYZER_NUMBER_OBJECT_CONVERSION = YES_AGGRESSIVE;
				CLANG_CXX_LANGUAGE_STANDARD = "gnu++14";
				CLANG_CXX_LIBRARY = "libc++";
				CLANG_ENABLE_MODULES = YES;
				CLANG_ENABLE_OBJC_ARC = YES;
				CLANG_ENABLE_OBJC_WEAK = YES;
				CLANG_WARN_BLOCK_CAPTURE_AUTORELEASING = YES;
				CLANG_WARN_BOOL_CONVERSION = YES;
				CLANG_WARN_COMMA = YES;
				CLANG_WARN_CONSTANT_CONVERSION = YES;
				CLANG_WARN_DEPRECATED_OBJC_IMPLEMENTATIONS = YES;
				CLANG_WARN_DIRECT_OBJC_ISA_USAGE = YES_ERROR;
				CLANG_WARN_DOCUMENTATION_COMMENTS = YES;
				CLANG_WARN_EMPTY_BODY = YES;
				CLANG_WARN_ENUM_CONVERSION = YES;
				CLANG_WARN_INFINITE_RECURSION = YES;
				CLANG_WARN_INT_CONVERSION = YES;
				CLANG_WARN_NON_LITERAL_NULL_CONVERSION = YES;
				CLANG_WARN_OBJC_IMPLICIT_RETAIN_SELF = YES;
				CLANG_WARN_OBJC_LITERAL_CONVERSION = YES;
				CLANG_WARN_OBJC_ROOT_CLASS = YES_ERROR;
				CLANG_WARN_QUOTED_INCLUDE_IN_FRAMEWORK_HEADER = YES;
				CLANG_WARN_RANGE_LOOP_ANALYSIS = YES;
				CLANG_WARN_STRICT_PROTOTYPES = YES;
				CLANG_WARN_SUSPICIOUS_MOVE = YES;
				CLANG_WARN_UNGUARDED_AVAILABILITY = YES_AGGRESSIVE;
				CLANG_WARN_UNREACHABLE_CODE = YES;
				CLANG_WARN__DUPLICATE_METHOD_MATCH = YES;
				COPY_PHASE_STRIP = NO;
				DEBUG_INFORMATION_FORMAT = dwarf;
				ENABLE_STRICT_OBJC_MSGSEND = YES;
				ENABLE_TESTABILITY = YES;
				GCC_C_LANGUAGE_STANDARD = gnu11;
				GCC_DYNAMIC_NO_PIC = NO;
				GCC_NO_COMMON_BLOCKS = YES;
				GCC_OPTIMIZATION_LEVEL = 0;
				GCC_PREPROCESSOR_DEFINITIONS = (
					"DEBUG=1",
					"$(inherited)",
				);
				GCC_WARN_64_TO_32_BIT_CONVERSION = YES;
				GCC_WARN_ABOUT_RETURN_TYPE = YES_ERROR;
				GCC_WARN_UNDECLARED_SELECTOR = YES;
				GCC_WARN_UNINITIALIZED_AUTOS = YES_AGGRESSIVE;
				GCC_WARN_UNUSED_FUNCTION = YES;
				GCC_WARN_UNUSED_VARIABLE = YES;
				IPHONEOS_DEPLOYMENT_TARGET = 14.3;
				MTL_ENABLE_DEBUG_INFO = INCLUDE_SOURCE;
				MTL_FAST_MATH = YES;
				ONLY_ACTIVE_ARCH = YES;
				SDKROOT = iphoneos;
				SWIFT_ACTIVE_COMPILATION_CONDITIONS = DEBUG;
				SWIFT_OPTIMIZATION_LEVEL = "-Onone";
			};
			name = Debug;
		};
		EFC0F14725A75E8D0027A2F6 /* Release */ = {
			isa = XCBuildConfiguration;
			buildSettings = {
				ALWAYS_SEARCH_USER_PATHS = NO;
				CLANG_ANALYZER_NONNULL = YES;
				CLANG_ANALYZER_NUMBER_OBJECT_CONVERSION = YES_AGGRESSIVE;
				CLANG_CXX_LANGUAGE_STANDARD = "gnu++14";
				CLANG_CXX_LIBRARY = "libc++";
				CLANG_ENABLE_MODULES = YES;
				CLANG_ENABLE_OBJC_ARC = YES;
				CLANG_ENABLE_OBJC_WEAK = YES;
				CLANG_WARN_BLOCK_CAPTURE_AUTORELEASING = YES;
				CLANG_WARN_BOOL_CONVERSION = YES;
				CLANG_WARN_COMMA = YES;
				CLANG_WARN_CONSTANT_CONVERSION = YES;
				CLANG_WARN_DEPRECATED_OBJC_IMPLEMENTATIONS = YES;
				CLANG_WARN_DIRECT_OBJC_ISA_USAGE = YES_ERROR;
				CLANG_WARN_DOCUMENTATION_COMMENTS = YES;
				CLANG_WARN_EMPTY_BODY = YES;
				CLANG_WARN_ENUM_CONVERSION = YES;
				CLANG_WARN_INFINITE_RECURSION = YES;
				CLANG_WARN_INT_CONVERSION = YES;
				CLANG_WARN_NON_LITERAL_NULL_CONVERSION = YES;
				CLANG_WARN_OBJC_IMPLICIT_RETAIN_SELF = YES;
				CLANG_WARN_OBJC_LITERAL_CONVERSION = YES;
				CLANG_WARN_OBJC_ROOT_CLASS = YES_ERROR;
				CLANG_WARN_QUOTED_INCLUDE_IN_FRAMEWORK_HEADER = YES;
				CLANG_WARN_RANGE_LOOP_ANALYSIS = YES;
				CLANG_WARN_STRICT_PROTOTYPES = YES;
				CLANG_WARN_SUSPICIOUS_MOVE = YES;
				CLANG_WARN_UNGUARDED_AVAILABILITY = YES_AGGRESSIVE;
				CLANG_WARN_UNREACHABLE_CODE = YES;
				CLANG_WARN__DUPLICATE_METHOD_MATCH = YES;
				COPY_PHASE_STRIP = NO;
				DEBUG_INFORMATION_FORMAT = "dwarf-with-dsym";
				ENABLE_NS_ASSERTIONS = NO;
				ENABLE_STRICT_OBJC_MSGSEND = YES;
				GCC_C_LANGUAGE_STANDARD = gnu11;
				GCC_NO_COMMON_BLOCKS = YES;
				GCC_WARN_64_TO_32_BIT_CONVERSION = YES;
				GCC_WARN_ABOUT_RETURN_TYPE = YES_ERROR;
				GCC_WARN_UNDECLARED_SELECTOR = YES;
				GCC_WARN_UNINITIALIZED_AUTOS = YES_AGGRESSIVE;
				GCC_WARN_UNUSED_FUNCTION = YES;
				GCC_WARN_UNUSED_VARIABLE = YES;
				IPHONEOS_DEPLOYMENT_TARGET = 14.3;
				MTL_ENABLE_DEBUG_INFO = NO;
				MTL_FAST_MATH = YES;
				SDKROOT = iphoneos;
				SWIFT_COMPILATION_MODE = wholemodule;
				SWIFT_OPTIMIZATION_LEVEL = "-O";
				VALIDATE_PRODUCT = YES;
			};
			name = Release;
		};
		EFC0F14925A75E8D0027A2F6 /* Debug */ = {
			isa = XCBuildConfiguration;
			buildSettings = {
				ASSETCATALOG_COMPILER_APPICON_NAME = AppIcon;
				ASSETCATALOG_COMPILER_GLOBAL_ACCENT_COLOR_NAME = AccentColor;
				CODE_SIGN_STYLE = Automatic;
				DEVELOPMENT_ASSET_PATHS = "\"UserCard/Preview Content\"";
				ENABLE_PREVIEWS = YES;
				INFOPLIST_FILE = UserCard/Info.plist;
				IPHONEOS_DEPLOYMENT_TARGET = 14.0;
				LD_RUNPATH_SEARCH_PATHS = (
					"$(inherited)",
					"@executable_path/Frameworks",
				);
				PRODUCT_BUNDLE_IDENTIFIER = "Yevhenii-Huts.UserCard";
				PRODUCT_NAME = "$(TARGET_NAME)";
				SWIFT_VERSION = 5.0;
				TARGETED_DEVICE_FAMILY = "1,2";
			};
			name = Debug;
		};
		EFC0F14A25A75E8D0027A2F6 /* Release */ = {
			isa = XCBuildConfiguration;
			buildSettings = {
				ASSETCATALOG_COMPILER_APPICON_NAME = AppIcon;
				ASSETCATALOG_COMPILER_GLOBAL_ACCENT_COLOR_NAME = AccentColor;
				CODE_SIGN_STYLE = Automatic;
				DEVELOPMENT_ASSET_PATHS = "\"UserCard/Preview Content\"";
				ENABLE_PREVIEWS = YES;
				INFOPLIST_FILE = UserCard/Info.plist;
				IPHONEOS_DEPLOYMENT_TARGET = 14.0;
				LD_RUNPATH_SEARCH_PATHS = (
					"$(inherited)",
					"@executable_path/Frameworks",
				);
				PRODUCT_BUNDLE_IDENTIFIER = "Yevhenii-Huts.UserCard";
				PRODUCT_NAME = "$(TARGET_NAME)";
				SWIFT_VERSION = 5.0;
				TARGETED_DEVICE_FAMILY = "1,2";
			};
			name = Release;
		};
		EFC0F14C25A75E8D0027A2F6 /* Debug */ = {
			isa = XCBuildConfiguration;
			buildSettings = {
				ALWAYS_EMBED_SWIFT_STANDARD_LIBRARIES = YES;
				BUNDLE_LOADER = "$(TEST_HOST)";
				CODE_SIGN_STYLE = Automatic;
				INFOPLIST_FILE = UserCardTests/Info.plist;
				IPHONEOS_DEPLOYMENT_TARGET = 14.0;
				LD_RUNPATH_SEARCH_PATHS = (
					"$(inherited)",
					"@executable_path/Frameworks",
					"@loader_path/Frameworks",
				);
				PRODUCT_BUNDLE_IDENTIFIER = "Yevhenii-Huts.UserCardTests";
				PRODUCT_NAME = "$(TARGET_NAME)";
				SWIFT_VERSION = 5.0;
				TARGETED_DEVICE_FAMILY = "1,2";
				TEST_HOST = "$(BUILT_PRODUCTS_DIR)/UserCard.app/UserCard";
			};
			name = Debug;
		};
		EFC0F14D25A75E8D0027A2F6 /* Release */ = {
			isa = XCBuildConfiguration;
			buildSettings = {
				ALWAYS_EMBED_SWIFT_STANDARD_LIBRARIES = YES;
				BUNDLE_LOADER = "$(TEST_HOST)";
				CODE_SIGN_STYLE = Automatic;
				INFOPLIST_FILE = UserCardTests/Info.plist;
				IPHONEOS_DEPLOYMENT_TARGET = 14.0;
				LD_RUNPATH_SEARCH_PATHS = (
					"$(inherited)",
					"@executable_path/Frameworks",
					"@loader_path/Frameworks",
				);
				PRODUCT_BUNDLE_IDENTIFIER = "Yevhenii-Huts.UserCardTests";
				PRODUCT_NAME = "$(TARGET_NAME)";
				SWIFT_VERSION = 5.0;
				TARGETED_DEVICE_FAMILY = "1,2";
				TEST_HOST = "$(BUILT_PRODUCTS_DIR)/UserCard.app/UserCard";
			};
			name = Release;
		};
		EFC0F14F25A75E8D0027A2F6 /* Debug */ = {
			isa = XCBuildConfiguration;
			buildSettings = {
				ALWAYS_EMBED_SWIFT_STANDARD_LIBRARIES = YES;
				CODE_SIGN_STYLE = Automatic;
				INFOPLIST_FILE = UserCardUITests/Info.plist;
				LD_RUNPATH_SEARCH_PATHS = (
					"$(inherited)",
					"@executable_path/Frameworks",
					"@loader_path/Frameworks",
				);
				PRODUCT_BUNDLE_IDENTIFIER = "Yevhenii-Huts.UserCardUITests";
				PRODUCT_NAME = "$(TARGET_NAME)";
				SWIFT_VERSION = 5.0;
				TARGETED_DEVICE_FAMILY = "1,2";
				TEST_TARGET_NAME = UserCard;
			};
			name = Debug;
		};
		EFC0F15025A75E8D0027A2F6 /* Release */ = {
			isa = XCBuildConfiguration;
			buildSettings = {
				ALWAYS_EMBED_SWIFT_STANDARD_LIBRARIES = YES;
				CODE_SIGN_STYLE = Automatic;
				INFOPLIST_FILE = UserCardUITests/Info.plist;
				LD_RUNPATH_SEARCH_PATHS = (
					"$(inherited)",
					"@executable_path/Frameworks",
					"@loader_path/Frameworks",
				);
				PRODUCT_BUNDLE_IDENTIFIER = "Yevhenii-Huts.UserCardUITests";
				PRODUCT_NAME = "$(TARGET_NAME)";
				SWIFT_VERSION = 5.0;
				TARGETED_DEVICE_FAMILY = "1,2";
				TEST_TARGET_NAME = UserCard;
			};
			name = Release;
		};
/* End XCBuildConfiguration section */

/* Begin XCConfigurationList section */
		EFC0F11E25A75E8B0027A2F6 /* Build configuration list for PBXProject "UserCard" */ = {
			isa = XCConfigurationList;
			buildConfigurations = (
				EFC0F14625A75E8D0027A2F6 /* Debug */,
				EFC0F14725A75E8D0027A2F6 /* Release */,
			);
			defaultConfigurationIsVisible = 0;
			defaultConfigurationName = Release;
		};
		EFC0F14825A75E8D0027A2F6 /* Build configuration list for PBXNativeTarget "UserCard" */ = {
			isa = XCConfigurationList;
			buildConfigurations = (
				EFC0F14925A75E8D0027A2F6 /* Debug */,
				EFC0F14A25A75E8D0027A2F6 /* Release */,
			);
			defaultConfigurationIsVisible = 0;
			defaultConfigurationName = Release;
		};
		EFC0F14B25A75E8D0027A2F6 /* Build configuration list for PBXNativeTarget "UserCardTests" */ = {
			isa = XCConfigurationList;
			buildConfigurations = (
				EFC0F14C25A75E8D0027A2F6 /* Debug */,
				EFC0F14D25A75E8D0027A2F6 /* Release */,
			);
			defaultConfigurationIsVisible = 0;
			defaultConfigurationName = Release;
		};
		EFC0F14E25A75E8D0027A2F6 /* Build configuration list for PBXNativeTarget "UserCardUITests" */ = {
			isa = XCConfigurationList;
			buildConfigurations = (
				EFC0F14F25A75E8D0027A2F6 /* Debug */,
				EFC0F15025A75E8D0027A2F6 /* Release */,
			);
			defaultConfigurationIsVisible = 0;
			defaultConfigurationName = Release;
		};
/* End XCConfigurationList section */
	};
	rootObject = EFC0F11B25A75E8B0027A2F6 /* Project object */;
}
